// !$*UTF8*$!
{
	archiveVersion = 1;
	classes = {
	};
	objectVersion = 50;
	objects = {

/* Begin PBXBuildFile section */
		2B0EEA622565DF3A00C84C6C /* ShaderManiaApp.swift in Sources */ = {isa = PBXBuildFile; fileRef = 2B0EEA4E2565DF3900C84C6C /* ShaderManiaApp.swift */; };
		2B0EEA632565DF3A00C84C6C /* ShaderManiaApp.swift in Sources */ = {isa = PBXBuildFile; fileRef = 2B0EEA4E2565DF3900C84C6C /* ShaderManiaApp.swift */; };
		2B0EEA642565DF3A00C84C6C /* ShaderManiaDocument.swift in Sources */ = {isa = PBXBuildFile; fileRef = 2B0EEA4F2565DF3900C84C6C /* ShaderManiaDocument.swift */; };
		2B0EEA652565DF3A00C84C6C /* ShaderManiaDocument.swift in Sources */ = {isa = PBXBuildFile; fileRef = 2B0EEA4F2565DF3900C84C6C /* ShaderManiaDocument.swift */; };
		2B0EEA682565DF3A00C84C6C /* Assets.xcassets in Resources */ = {isa = PBXBuildFile; fileRef = 2B0EEA512565DF3A00C84C6C /* Assets.xcassets */; };
		2B0EEA692565DF3A00C84C6C /* Assets.xcassets in Resources */ = {isa = PBXBuildFile; fileRef = 2B0EEA512565DF3A00C84C6C /* Assets.xcassets */; };
		2B0EEA812565DF7800C84C6C /* MetalView.swift in Sources */ = {isa = PBXBuildFile; fileRef = 2B0EEA762565DF7800C84C6C /* MetalView.swift */; };
		2B0EEA822565DF7800C84C6C /* MetalView.swift in Sources */ = {isa = PBXBuildFile; fileRef = 2B0EEA762565DF7800C84C6C /* MetalView.swift */; };
		2B0EEA832565DF7800C84C6C /* ContentView.swift in Sources */ = {isa = PBXBuildFile; fileRef = 2B0EEA772565DF7800C84C6C /* ContentView.swift */; };
		2B0EEA842565DF7800C84C6C /* ContentView.swift in Sources */ = {isa = PBXBuildFile; fileRef = 2B0EEA772565DF7800C84C6C /* ContentView.swift */; };
		2B0EEA852565DF7800C84C6C /* Asset.swift in Sources */ = {isa = PBXBuildFile; fileRef = 2B0EEA782565DF7800C84C6C /* Asset.swift */; };
		2B0EEA862565DF7800C84C6C /* Asset.swift in Sources */ = {isa = PBXBuildFile; fileRef = 2B0EEA782565DF7800C84C6C /* Asset.swift */; };
		2B0EEA872565DF7800C84C6C /* ShaderCompiler.swift in Sources */ = {isa = PBXBuildFile; fileRef = 2B0EEA7A2565DF7800C84C6C /* ShaderCompiler.swift */; };
		2B0EEA882565DF7800C84C6C /* ShaderCompiler.swift in Sources */ = {isa = PBXBuildFile; fileRef = 2B0EEA7A2565DF7800C84C6C /* ShaderCompiler.swift */; };
		2B0EEA892565DF7800C84C6C /* Utils.swift in Sources */ = {isa = PBXBuildFile; fileRef = 2B0EEA7B2565DF7800C84C6C /* Utils.swift */; };
		2B0EEA8A2565DF7800C84C6C /* Utils.swift in Sources */ = {isa = PBXBuildFile; fileRef = 2B0EEA7B2565DF7800C84C6C /* Utils.swift */; };
		2B0EEA8B2565DF7800C84C6C /* Core.swift in Sources */ = {isa = PBXBuildFile; fileRef = 2B0EEA7C2565DF7800C84C6C /* Core.swift */; };
		2B0EEA8C2565DF7800C84C6C /* Core.swift in Sources */ = {isa = PBXBuildFile; fileRef = 2B0EEA7C2565DF7800C84C6C /* Core.swift */; };
		2B0EEA8D2565DF7800C84C6C /* MathLibrary.swift in Sources */ = {isa = PBXBuildFile; fileRef = 2B0EEA7D2565DF7800C84C6C /* MathLibrary.swift */; };
		2B0EEA8E2565DF7800C84C6C /* MathLibrary.swift in Sources */ = {isa = PBXBuildFile; fileRef = 2B0EEA7D2565DF7800C84C6C /* MathLibrary.swift */; };
		2B0EEA8F2565DF7800C84C6C /* ScriptEditor.swift in Sources */ = {isa = PBXBuildFile; fileRef = 2B0EEA7E2565DF7800C84C6C /* ScriptEditor.swift */; };
		2B0EEA902565DF7800C84C6C /* ScriptEditor.swift in Sources */ = {isa = PBXBuildFile; fileRef = 2B0EEA7E2565DF7800C84C6C /* ScriptEditor.swift */; };
		2B0EEA912565DF7800C84C6C /* Metal.metal in Sources */ = {isa = PBXBuildFile; fileRef = 2B0EEA7F2565DF7800C84C6C /* Metal.metal */; };
		2B0EEA922565DF7800C84C6C /* Metal.metal in Sources */ = {isa = PBXBuildFile; fileRef = 2B0EEA7F2565DF7800C84C6C /* Metal.metal */; };
		2B0EEA932565DF7800C84C6C /* MetalStates.swift in Sources */ = {isa = PBXBuildFile; fileRef = 2B0EEA802565DF7800C84C6C /* MetalStates.swift */; };
		2B0EEA942565DF7800C84C6C /* MetalStates.swift in Sources */ = {isa = PBXBuildFile; fileRef = 2B0EEA802565DF7800C84C6C /* MetalStates.swift */; };
		2B0EEA9E2565DF9A00C84C6C /* Texture2D.swift in Sources */ = {isa = PBXBuildFile; fileRef = 2B0EEA9B2565DF9A00C84C6C /* Texture2D.swift */; };
		2B0EEA9F2565DF9A00C84C6C /* Texture2D.swift in Sources */ = {isa = PBXBuildFile; fileRef = 2B0EEA9B2565DF9A00C84C6C /* Texture2D.swift */; };
		2B0EEAA02565DF9A00C84C6C /* Classes.swift in Sources */ = {isa = PBXBuildFile; fileRef = 2B0EEA9C2565DF9A00C84C6C /* Classes.swift */; };
		2B0EEAA12565DF9A00C84C6C /* Classes.swift in Sources */ = {isa = PBXBuildFile; fileRef = 2B0EEA9C2565DF9A00C84C6C /* Classes.swift */; };
		2B0EEAA22565DF9A00C84C6C /* Font.swift in Sources */ = {isa = PBXBuildFile; fileRef = 2B0EEA9D2565DF9A00C84C6C /* Font.swift */; };
		2B0EEAA32565DF9A00C84C6C /* Font.swift in Sources */ = {isa = PBXBuildFile; fileRef = 2B0EEA9D2565DF9A00C84C6C /* Font.swift */; };
		2B0EEAA72565DFA800C84C6C /* Files in Resources */ = {isa = PBXBuildFile; fileRef = 2B0EEAA62565DFA800C84C6C /* Files */; };
		2B0EEAA82565DFA800C84C6C /* Files in Resources */ = {isa = PBXBuildFile; fileRef = 2B0EEAA62565DFA800C84C6C /* Files */; };
		2B0EEABB2566035700C84C6C /* Project.swift in Sources */ = {isa = PBXBuildFile; fileRef = 2B0EEABA2566035700C84C6C /* Project.swift */; };
		2B0EEABC2566035700C84C6C /* Project.swift in Sources */ = {isa = PBXBuildFile; fileRef = 2B0EEABA2566035700C84C6C /* Project.swift */; };
		2B0EEAC3256619D000C84C6C /* CloudKit.framework in Frameworks */ = {isa = PBXBuildFile; fileRef = 2B0EEAC2256619D000C84C6C /* CloudKit.framework */; };
		2B36F66825D3BFCC001611BE /* NodesWidget.swift in Sources */ = {isa = PBXBuildFile; fileRef = 2B36F66725D3BFCC001611BE /* NodesWidget.swift */; };
		2B36F66925D3BFCC001611BE /* NodesWidget.swift in Sources */ = {isa = PBXBuildFile; fileRef = 2B36F66725D3BFCC001611BE /* NodesWidget.swift */; };
		2B36F66D25D3C8A0001611BE /* MetalDrawables.swift in Sources */ = {isa = PBXBuildFile; fileRef = 2B36F66C25D3C8A0001611BE /* MetalDrawables.swift */; };
		2B36F66E25D3C8A0001611BE /* MetalDrawables.swift in Sources */ = {isa = PBXBuildFile; fileRef = 2B36F66C25D3C8A0001611BE /* MetalDrawables.swift */; };
		2B36F67625D4DE84001611BE /* OpenSans.tiff in Resources */ = {isa = PBXBuildFile; fileRef = 2B36F67425D4DE84001611BE /* OpenSans.tiff */; };
		2B36F67725D4DE84001611BE /* OpenSans.tiff in Resources */ = {isa = PBXBuildFile; fileRef = 2B36F67425D4DE84001611BE /* OpenSans.tiff */; };
		2B36F67825D4DE84001611BE /* OpenSans.json in Resources */ = {isa = PBXBuildFile; fileRef = 2B36F67525D4DE84001611BE /* OpenSans.json */; };
		2B36F67925D4DE84001611BE /* OpenSans.json in Resources */ = {isa = PBXBuildFile; fileRef = 2B36F67525D4DE84001611BE /* OpenSans.json */; };
		2B3D4C7925A68ECA00D2F8EA /* Views.swift in Sources */ = {isa = PBXBuildFile; fileRef = 2B3D4C7825A68ECA00D2F8EA /* Views.swift */; };
		2B3D4C7A25A68ECA00D2F8EA /* Views.swift in Sources */ = {isa = PBXBuildFile; fileRef = 2B3D4C7825A68ECA00D2F8EA /* Views.swift */; };
		2B6B9C7625E0BC6000F266DF /* CloudKit.framework in Frameworks */ = {isa = PBXBuildFile; fileRef = 2B6B9C7525E0BC6000F266DF /* CloudKit.framework */; };
		2B77B7BB25773978002D99C0 /* File.swift in Sources */ = {isa = PBXBuildFile; fileRef = 2B77B7BA25773978002D99C0 /* File.swift */; };
		2B77B7BC25773978002D99C0 /* File.swift in Sources */ = {isa = PBXBuildFile; fileRef = 2B77B7BA25773978002D99C0 /* File.swift */; };
		2B7C7EEC25DCB5D400727BC0 /* Library.swift in Sources */ = {isa = PBXBuildFile; fileRef = 2B7C7EEB25DCB5D400727BC0 /* Library.swift */; };
		2B7C7EED25DCB5D400727BC0 /* Library.swift in Sources */ = {isa = PBXBuildFile; fileRef = 2B7C7EEB25DCB5D400727BC0 /* Library.swift */; };
		2B7C7EFC25DD0E0900727BC0 /* StoreManager.swift in Sources */ = {isa = PBXBuildFile; fileRef = 2B7C7EFB25DD0E0900727BC0 /* StoreManager.swift */; };
		2B7C7EFD25DD0E0900727BC0 /* StoreManager.swift in Sources */ = {isa = PBXBuildFile; fileRef = 2B7C7EFB25DD0E0900727BC0 /* StoreManager.swift */; };
		2B7C7F0325DD0E6D00727BC0 /* StoreKit.framework in Frameworks */ = {isa = PBXBuildFile; fileRef = 2B7C7F0225DD0E6D00727BC0 /* StoreKit.framework */; };
/* End PBXBuildFile section */

/* Begin PBXFileReference section */
		2B0EEA4E2565DF3900C84C6C /* ShaderManiaApp.swift */ = {isa = PBXFileReference; lastKnownFileType = sourcecode.swift; path = ShaderManiaApp.swift; sourceTree = "<group>"; };
		2B0EEA4F2565DF3900C84C6C /* ShaderManiaDocument.swift */ = {isa = PBXFileReference; lastKnownFileType = sourcecode.swift; path = ShaderManiaDocument.swift; sourceTree = "<group>"; };
		2B0EEA512565DF3A00C84C6C /* Assets.xcassets */ = {isa = PBXFileReference; lastKnownFileType = folder.assetcatalog; path = Assets.xcassets; sourceTree = "<group>"; };
		2B0EEA562565DF3A00C84C6C /* ShaderMania.app */ = {isa = PBXFileReference; explicitFileType = wrapper.application; includeInIndex = 0; path = ShaderMania.app; sourceTree = BUILT_PRODUCTS_DIR; };
		2B0EEA592565DF3A00C84C6C /* Info.plist */ = {isa = PBXFileReference; lastKnownFileType = text.plist.xml; path = Info.plist; sourceTree = "<group>"; };
		2B0EEA5E2565DF3A00C84C6C /* ShaderMania.app */ = {isa = PBXFileReference; explicitFileType = wrapper.application; includeInIndex = 0; path = ShaderMania.app; sourceTree = BUILT_PRODUCTS_DIR; };
		2B0EEA602565DF3A00C84C6C /* Info.plist */ = {isa = PBXFileReference; lastKnownFileType = text.plist.xml; path = Info.plist; sourceTree = "<group>"; };
		2B0EEA612565DF3A00C84C6C /* ShaderMania.entitlements */ = {isa = PBXFileReference; lastKnownFileType = text.plist.entitlements; path = ShaderMania.entitlements; sourceTree = "<group>"; };
		2B0EEA762565DF7800C84C6C /* MetalView.swift */ = {isa = PBXFileReference; fileEncoding = 4; lastKnownFileType = sourcecode.swift; path = MetalView.swift; sourceTree = "<group>"; };
		2B0EEA772565DF7800C84C6C /* ContentView.swift */ = {isa = PBXFileReference; fileEncoding = 4; lastKnownFileType = sourcecode.swift; path = ContentView.swift; sourceTree = "<group>"; };
		2B0EEA782565DF7800C84C6C /* Asset.swift */ = {isa = PBXFileReference; fileEncoding = 4; lastKnownFileType = sourcecode.swift; path = Asset.swift; sourceTree = "<group>"; };
		2B0EEA792565DF7800C84C6C /* Metal.h */ = {isa = PBXFileReference; fileEncoding = 4; lastKnownFileType = sourcecode.c.h; path = Metal.h; sourceTree = "<group>"; };
		2B0EEA7A2565DF7800C84C6C /* ShaderCompiler.swift */ = {isa = PBXFileReference; fileEncoding = 4; lastKnownFileType = sourcecode.swift; path = ShaderCompiler.swift; sourceTree = "<group>"; };
		2B0EEA7B2565DF7800C84C6C /* Utils.swift */ = {isa = PBXFileReference; fileEncoding = 4; lastKnownFileType = sourcecode.swift; path = Utils.swift; sourceTree = "<group>"; };
		2B0EEA7C2565DF7800C84C6C /* Core.swift */ = {isa = PBXFileReference; fileEncoding = 4; lastKnownFileType = sourcecode.swift; path = Core.swift; sourceTree = "<group>"; };
		2B0EEA7D2565DF7800C84C6C /* MathLibrary.swift */ = {isa = PBXFileReference; fileEncoding = 4; lastKnownFileType = sourcecode.swift; path = MathLibrary.swift; sourceTree = "<group>"; };
		2B0EEA7E2565DF7800C84C6C /* ScriptEditor.swift */ = {isa = PBXFileReference; fileEncoding = 4; lastKnownFileType = sourcecode.swift; path = ScriptEditor.swift; sourceTree = "<group>"; };
		2B0EEA7F2565DF7800C84C6C /* Metal.metal */ = {isa = PBXFileReference; fileEncoding = 4; lastKnownFileType = sourcecode.metal; path = Metal.metal; sourceTree = "<group>"; };
		2B0EEA802565DF7800C84C6C /* MetalStates.swift */ = {isa = PBXFileReference; fileEncoding = 4; lastKnownFileType = sourcecode.swift; path = MetalStates.swift; sourceTree = "<group>"; };
		2B0EEA9B2565DF9A00C84C6C /* Texture2D.swift */ = {isa = PBXFileReference; fileEncoding = 4; lastKnownFileType = sourcecode.swift; path = Texture2D.swift; sourceTree = "<group>"; };
		2B0EEA9C2565DF9A00C84C6C /* Classes.swift */ = {isa = PBXFileReference; fileEncoding = 4; lastKnownFileType = sourcecode.swift; path = Classes.swift; sourceTree = "<group>"; };
		2B0EEA9D2565DF9A00C84C6C /* Font.swift */ = {isa = PBXFileReference; fileEncoding = 4; lastKnownFileType = sourcecode.swift; path = Font.swift; sourceTree = "<group>"; };
		2B0EEAA62565DFA800C84C6C /* Files */ = {isa = PBXFileReference; lastKnownFileType = folder; path = Files; sourceTree = "<group>"; };
		2B0EEABA2566035700C84C6C /* Project.swift */ = {isa = PBXFileReference; lastKnownFileType = sourcecode.swift; path = Project.swift; sourceTree = "<group>"; };
		2B0EEAC2256619D000C84C6C /* CloudKit.framework */ = {isa = PBXFileReference; lastKnownFileType = wrapper.framework; name = CloudKit.framework; path = System/Library/Frameworks/CloudKit.framework; sourceTree = SDKROOT; };
		2B36F66725D3BFCC001611BE /* NodesWidget.swift */ = {isa = PBXFileReference; lastKnownFileType = sourcecode.swift; path = NodesWidget.swift; sourceTree = "<group>"; };
		2B36F66C25D3C8A0001611BE /* MetalDrawables.swift */ = {isa = PBXFileReference; lastKnownFileType = sourcecode.swift; path = MetalDrawables.swift; sourceTree = "<group>"; };
		2B36F67425D4DE84001611BE /* OpenSans.tiff */ = {isa = PBXFileReference; lastKnownFileType = image.tiff; path = OpenSans.tiff; sourceTree = "<group>"; };
		2B36F67525D4DE84001611BE /* OpenSans.json */ = {isa = PBXFileReference; fileEncoding = 4; lastKnownFileType = text.json; path = OpenSans.json; sourceTree = "<group>"; };
		2B3D4C7825A68ECA00D2F8EA /* Views.swift */ = {isa = PBXFileReference; lastKnownFileType = sourcecode.swift; path = Views.swift; sourceTree = "<group>"; };
		2B6B9C7225E0BC4E00F266DF /* ShaderMania.entitlements */ = {isa = PBXFileReference; lastKnownFileType = text.plist.entitlements; path = ShaderMania.entitlements; sourceTree = "<group>"; };
		2B6B9C7525E0BC6000F266DF /* CloudKit.framework */ = {isa = PBXFileReference; lastKnownFileType = wrapper.framework; name = CloudKit.framework; path = Platforms/iPhoneOS.platform/Developer/SDKs/iPhoneOS14.4.sdk/System/Library/Frameworks/CloudKit.framework; sourceTree = DEVELOPER_DIR; };
		2B77B7BA25773978002D99C0 /* File.swift */ = {isa = PBXFileReference; lastKnownFileType = sourcecode.swift; path = File.swift; sourceTree = "<group>"; };
		2B7C7EEB25DCB5D400727BC0 /* Library.swift */ = {isa = PBXFileReference; lastKnownFileType = sourcecode.swift; path = Library.swift; sourceTree = "<group>"; };
		2B7C7EFB25DD0E0900727BC0 /* StoreManager.swift */ = {isa = PBXFileReference; lastKnownFileType = sourcecode.swift; path = StoreManager.swift; sourceTree = "<group>"; };
		2B7C7F0225DD0E6D00727BC0 /* StoreKit.framework */ = {isa = PBXFileReference; lastKnownFileType = wrapper.framework; name = StoreKit.framework; path = System/Library/Frameworks/StoreKit.framework; sourceTree = SDKROOT; };
/* End PBXFileReference section */

/* Begin PBXFrameworksBuildPhase section */
		2B0EEA532565DF3A00C84C6C /* Frameworks */ = {
			isa = PBXFrameworksBuildPhase;
			buildActionMask = 2147483647;
			files = (
				2B6B9C7625E0BC6000F266DF /* CloudKit.framework in Frameworks */,
			);
			runOnlyForDeploymentPostprocessing = 0;
		};
		2B0EEA5B2565DF3A00C84C6C /* Frameworks */ = {
			isa = PBXFrameworksBuildPhase;
			buildActionMask = 2147483647;
			files = (
				2B0EEAC3256619D000C84C6C /* CloudKit.framework in Frameworks */,
				2B7C7F0325DD0E6D00727BC0 /* StoreKit.framework in Frameworks */,
			);
			runOnlyForDeploymentPostprocessing = 0;
		};
/* End PBXFrameworksBuildPhase section */

/* Begin PBXGroup section */
		2B0EEA482565DF3900C84C6C = {
			isa = PBXGroup;
			children = (
				2B0EEA4D2565DF3900C84C6C /* Shared */,
				2B0EEA582565DF3A00C84C6C /* iOS */,
				2B0EEA5F2565DF3A00C84C6C /* macOS */,
				2B0EEA572565DF3A00C84C6C /* Products */,
				2B0EEAC1256619D000C84C6C /* Frameworks */,
			);
			sourceTree = "<group>";
		};
		2B0EEA4D2565DF3900C84C6C /* Shared */ = {
			isa = PBXGroup;
			children = (
				2B0EEA4E2565DF3900C84C6C /* ShaderManiaApp.swift */,
				2B0EEA4F2565DF3900C84C6C /* ShaderManiaDocument.swift */,
				2B7C7EFB25DD0E0900727BC0 /* StoreManager.swift */,
				2B0EEA772565DF7800C84C6C /* ContentView.swift */,
				2B3D4C7825A68ECA00D2F8EA /* Views.swift */,
				2B0EEA782565DF7800C84C6C /* Asset.swift */,
				2B7C7EEB25DCB5D400727BC0 /* Library.swift */,
				2B0EEA7C2565DF7800C84C6C /* Core.swift */,
				2B0EEA7D2565DF7800C84C6C /* MathLibrary.swift */,
				2B0EEA792565DF7800C84C6C /* Metal.h */,
				2B0EEA7F2565DF7800C84C6C /* Metal.metal */,
				2B0EEA802565DF7800C84C6C /* MetalStates.swift */,
				2B0EEA762565DF7800C84C6C /* MetalView.swift */,
				2B36F66C25D3C8A0001611BE /* MetalDrawables.swift */,
				2B36F66725D3BFCC001611BE /* NodesWidget.swift */,
				2B0EEABA2566035700C84C6C /* Project.swift */,
				2B0EEA7A2565DF7800C84C6C /* ShaderCompiler.swift */,
				2B0EEA7E2565DF7800C84C6C /* ScriptEditor.swift */,
				2B0EEA7B2565DF7800C84C6C /* Utils.swift */,
				2B77B7BA25773978002D99C0 /* File.swift */,
				2B0EEA9A2565DF9A00C84C6C /* Classes */,
				2B36F67325D4DE53001611BE /* Fonts */,
				2B0EEAA62565DFA800C84C6C /* Files */,
				2B0EEA512565DF3A00C84C6C /* Assets.xcassets */,
			);
			path = Shared;
			sourceTree = "<group>";
		};
		2B0EEA572565DF3A00C84C6C /* Products */ = {
			isa = PBXGroup;
			children = (
				2B0EEA562565DF3A00C84C6C /* ShaderMania.app */,
				2B0EEA5E2565DF3A00C84C6C /* ShaderMania.app */,
			);
			name = Products;
			sourceTree = "<group>";
		};
		2B0EEA582565DF3A00C84C6C /* iOS */ = {
			isa = PBXGroup;
			children = (
				2B0EEA592565DF3A00C84C6C /* Info.plist */,
				2B6B9C7225E0BC4E00F266DF /* ShaderMania.entitlements */,
			);
			path = iOS;
			sourceTree = "<group>";
		};
		2B0EEA5F2565DF3A00C84C6C /* macOS */ = {
			isa = PBXGroup;
			children = (
				2B0EEA602565DF3A00C84C6C /* Info.plist */,
				2B0EEA612565DF3A00C84C6C /* ShaderMania.entitlements */,
			);
			path = macOS;
			sourceTree = "<group>";
		};
		2B0EEA9A2565DF9A00C84C6C /* Classes */ = {
			isa = PBXGroup;
			children = (
				2B0EEA9B2565DF9A00C84C6C /* Texture2D.swift */,
				2B0EEA9C2565DF9A00C84C6C /* Classes.swift */,
				2B0EEA9D2565DF9A00C84C6C /* Font.swift */,
			);
			path = Classes;
			sourceTree = "<group>";
		};
		2B0EEAC1256619D000C84C6C /* Frameworks */ = {
			isa = PBXGroup;
			children = (
				2B6B9C7525E0BC6000F266DF /* CloudKit.framework */,
				2B7C7F0225DD0E6D00727BC0 /* StoreKit.framework */,
				2B0EEAC2256619D000C84C6C /* CloudKit.framework */,
			);
			name = Frameworks;
			sourceTree = "<group>";
		};
		2B36F67325D4DE53001611BE /* Fonts */ = {
			isa = PBXGroup;
			children = (
				2B36F67525D4DE84001611BE /* OpenSans.json */,
				2B36F67425D4DE84001611BE /* OpenSans.tiff */,
			);
			path = Fonts;
			sourceTree = "<group>";
		};
/* End PBXGroup section */

/* Begin PBXNativeTarget section */
		2B0EEA552565DF3A00C84C6C /* ShaderMania (iOS) */ = {
			isa = PBXNativeTarget;
			buildConfigurationList = 2B0EEA6C2565DF3A00C84C6C /* Build configuration list for PBXNativeTarget "ShaderMania (iOS)" */;
			buildPhases = (
				2B0EEA522565DF3A00C84C6C /* Sources */,
				2B0EEA532565DF3A00C84C6C /* Frameworks */,
				2B0EEA542565DF3A00C84C6C /* Resources */,
			);
			buildRules = (
			);
			dependencies = (
			);
			name = "ShaderMania (iOS)";
			productName = "ShaderMania (iOS)";
			productReference = 2B0EEA562565DF3A00C84C6C /* ShaderMania.app */;
			productType = "com.apple.product-type.application";
		};
		2B0EEA5D2565DF3A00C84C6C /* ShaderMania (macOS) */ = {
			isa = PBXNativeTarget;
			buildConfigurationList = 2B0EEA6F2565DF3A00C84C6C /* Build configuration list for PBXNativeTarget "ShaderMania (macOS)" */;
			buildPhases = (
				2B0EEA5A2565DF3A00C84C6C /* Sources */,
				2B0EEA5B2565DF3A00C84C6C /* Frameworks */,
				2B0EEA5C2565DF3A00C84C6C /* Resources */,
			);
			buildRules = (
			);
			dependencies = (
			);
			name = "ShaderMania (macOS)";
			productName = "ShaderMania (macOS)";
			productReference = 2B0EEA5E2565DF3A00C84C6C /* ShaderMania.app */;
			productType = "com.apple.product-type.application";
		};
/* End PBXNativeTarget section */

/* Begin PBXProject section */
		2B0EEA492565DF3900C84C6C /* Project object */ = {
			isa = PBXProject;
			attributes = {
				LastSwiftUpdateCheck = 1220;
				LastUpgradeCheck = 1230;
				TargetAttributes = {
					2B0EEA552565DF3A00C84C6C = {
						CreatedOnToolsVersion = 12.2;
					};
					2B0EEA5D2565DF3A00C84C6C = {
						CreatedOnToolsVersion = 12.2;
					};
				};
			};
			buildConfigurationList = 2B0EEA4C2565DF3900C84C6C /* Build configuration list for PBXProject "ShaderMania" */;
			compatibilityVersion = "Xcode 9.3";
			developmentRegion = en;
			hasScannedForEncodings = 0;
			knownRegions = (
				en,
				Base,
			);
			mainGroup = 2B0EEA482565DF3900C84C6C;
			productRefGroup = 2B0EEA572565DF3A00C84C6C /* Products */;
			projectDirPath = "";
			projectRoot = "";
			targets = (
				2B0EEA552565DF3A00C84C6C /* ShaderMania (iOS) */,
				2B0EEA5D2565DF3A00C84C6C /* ShaderMania (macOS) */,
			);
		};
/* End PBXProject section */

/* Begin PBXResourcesBuildPhase section */
		2B0EEA542565DF3A00C84C6C /* Resources */ = {
			isa = PBXResourcesBuildPhase;
			buildActionMask = 2147483647;
			files = (
				2B36F67825D4DE84001611BE /* OpenSans.json in Resources */,
				2B0EEAA72565DFA800C84C6C /* Files in Resources */,
				2B36F67625D4DE84001611BE /* OpenSans.tiff in Resources */,
				2B0EEA682565DF3A00C84C6C /* Assets.xcassets in Resources */,
			);
			runOnlyForDeploymentPostprocessing = 0;
		};
		2B0EEA5C2565DF3A00C84C6C /* Resources */ = {
			isa = PBXResourcesBuildPhase;
			buildActionMask = 2147483647;
			files = (
				2B36F67925D4DE84001611BE /* OpenSans.json in Resources */,
				2B0EEAA82565DFA800C84C6C /* Files in Resources */,
				2B36F67725D4DE84001611BE /* OpenSans.tiff in Resources */,
				2B0EEA692565DF3A00C84C6C /* Assets.xcassets in Resources */,
			);
			runOnlyForDeploymentPostprocessing = 0;
		};
/* End PBXResourcesBuildPhase section */

/* Begin PBXSourcesBuildPhase section */
		2B0EEA522565DF3A00C84C6C /* Sources */ = {
			isa = PBXSourcesBuildPhase;
			buildActionMask = 2147483647;
			files = (
				2B0EEA812565DF7800C84C6C /* MetalView.swift in Sources */,
				2B0EEA912565DF7800C84C6C /* Metal.metal in Sources */,
				2B0EEAA22565DF9A00C84C6C /* Font.swift in Sources */,
				2B7C7EFC25DD0E0900727BC0 /* StoreManager.swift in Sources */,
				2B0EEA642565DF3A00C84C6C /* ShaderManiaDocument.swift in Sources */,
				2B0EEA932565DF7800C84C6C /* MetalStates.swift in Sources */,
				2B0EEA8D2565DF7800C84C6C /* MathLibrary.swift in Sources */,
				2B0EEA852565DF7800C84C6C /* Asset.swift in Sources */,
				2B0EEA892565DF7800C84C6C /* Utils.swift in Sources */,
				2B7C7EEC25DCB5D400727BC0 /* Library.swift in Sources */,
				2B3D4C7925A68ECA00D2F8EA /* Views.swift in Sources */,
				2B0EEA872565DF7800C84C6C /* ShaderCompiler.swift in Sources */,
				2B0EEAA02565DF9A00C84C6C /* Classes.swift in Sources */,
				2B36F66D25D3C8A0001611BE /* MetalDrawables.swift in Sources */,
				2B0EEA832565DF7800C84C6C /* ContentView.swift in Sources */,
				2B77B7BB25773978002D99C0 /* File.swift in Sources */,
				2B0EEA622565DF3A00C84C6C /* ShaderManiaApp.swift in Sources */,
				2B0EEA8B2565DF7800C84C6C /* Core.swift in Sources */,
				2B36F66825D3BFCC001611BE /* NodesWidget.swift in Sources */,
				2B0EEA8F2565DF7800C84C6C /* ScriptEditor.swift in Sources */,
				2B0EEA9E2565DF9A00C84C6C /* Texture2D.swift in Sources */,
				2B0EEABB2566035700C84C6C /* Project.swift in Sources */,
			);
			runOnlyForDeploymentPostprocessing = 0;
		};
		2B0EEA5A2565DF3A00C84C6C /* Sources */ = {
			isa = PBXSourcesBuildPhase;
			buildActionMask = 2147483647;
			files = (
				2B0EEA822565DF7800C84C6C /* MetalView.swift in Sources */,
				2B0EEA922565DF7800C84C6C /* Metal.metal in Sources */,
				2B0EEAA32565DF9A00C84C6C /* Font.swift in Sources */,
				2B7C7EFD25DD0E0900727BC0 /* StoreManager.swift in Sources */,
				2B0EEA652565DF3A00C84C6C /* ShaderManiaDocument.swift in Sources */,
				2B0EEA942565DF7800C84C6C /* MetalStates.swift in Sources */,
				2B0EEA8E2565DF7800C84C6C /* MathLibrary.swift in Sources */,
				2B0EEA862565DF7800C84C6C /* Asset.swift in Sources */,
				2B0EEA8A2565DF7800C84C6C /* Utils.swift in Sources */,
				2B7C7EED25DCB5D400727BC0 /* Library.swift in Sources */,
				2B3D4C7A25A68ECA00D2F8EA /* Views.swift in Sources */,
				2B0EEA882565DF7800C84C6C /* ShaderCompiler.swift in Sources */,
				2B0EEAA12565DF9A00C84C6C /* Classes.swift in Sources */,
				2B36F66E25D3C8A0001611BE /* MetalDrawables.swift in Sources */,
				2B0EEA842565DF7800C84C6C /* ContentView.swift in Sources */,
				2B77B7BC25773978002D99C0 /* File.swift in Sources */,
				2B0EEA632565DF3A00C84C6C /* ShaderManiaApp.swift in Sources */,
				2B0EEA8C2565DF7800C84C6C /* Core.swift in Sources */,
				2B36F66925D3BFCC001611BE /* NodesWidget.swift in Sources */,
				2B0EEA902565DF7800C84C6C /* ScriptEditor.swift in Sources */,
				2B0EEA9F2565DF9A00C84C6C /* Texture2D.swift in Sources */,
				2B0EEABC2566035700C84C6C /* Project.swift in Sources */,
			);
			runOnlyForDeploymentPostprocessing = 0;
		};
/* End PBXSourcesBuildPhase section */

/* Begin XCBuildConfiguration section */
		2B0EEA6A2565DF3A00C84C6C /* Debug */ = {
			isa = XCBuildConfiguration;
			buildSettings = {
				ALWAYS_SEARCH_USER_PATHS = NO;
				CLANG_ANALYZER_NONNULL = YES;
				CLANG_ANALYZER_NUMBER_OBJECT_CONVERSION = YES_AGGRESSIVE;
				CLANG_CXX_LANGUAGE_STANDARD = "gnu++14";
				CLANG_CXX_LIBRARY = "libc++";
				CLANG_ENABLE_MODULES = YES;
				CLANG_ENABLE_OBJC_ARC = YES;
				CLANG_ENABLE_OBJC_WEAK = YES;
				CLANG_WARN_BLOCK_CAPTURE_AUTORELEASING = YES;
				CLANG_WARN_BOOL_CONVERSION = YES;
				CLANG_WARN_COMMA = YES;
				CLANG_WARN_CONSTANT_CONVERSION = YES;
				CLANG_WARN_DEPRECATED_OBJC_IMPLEMENTATIONS = YES;
				CLANG_WARN_DIRECT_OBJC_ISA_USAGE = YES_ERROR;
				CLANG_WARN_DOCUMENTATION_COMMENTS = YES;
				CLANG_WARN_EMPTY_BODY = YES;
				CLANG_WARN_ENUM_CONVERSION = YES;
				CLANG_WARN_INFINITE_RECURSION = YES;
				CLANG_WARN_INT_CONVERSION = YES;
				CLANG_WARN_NON_LITERAL_NULL_CONVERSION = YES;
				CLANG_WARN_OBJC_IMPLICIT_RETAIN_SELF = YES;
				CLANG_WARN_OBJC_LITERAL_CONVERSION = YES;
				CLANG_WARN_OBJC_ROOT_CLASS = YES_ERROR;
				CLANG_WARN_QUOTED_INCLUDE_IN_FRAMEWORK_HEADER = YES;
				CLANG_WARN_RANGE_LOOP_ANALYSIS = YES;
				CLANG_WARN_STRICT_PROTOTYPES = YES;
				CLANG_WARN_SUSPICIOUS_MOVE = YES;
				CLANG_WARN_UNGUARDED_AVAILABILITY = YES_AGGRESSIVE;
				CLANG_WARN_UNREACHABLE_CODE = YES;
				CLANG_WARN__DUPLICATE_METHOD_MATCH = YES;
				COPY_PHASE_STRIP = NO;
				DEBUG_INFORMATION_FORMAT = dwarf;
				ENABLE_STRICT_OBJC_MSGSEND = YES;
				ENABLE_TESTABILITY = YES;
				GCC_C_LANGUAGE_STANDARD = gnu11;
				GCC_DYNAMIC_NO_PIC = NO;
				GCC_NO_COMMON_BLOCKS = YES;
				GCC_OPTIMIZATION_LEVEL = 0;
				GCC_PREPROCESSOR_DEFINITIONS = (
					"DEBUG=1",
					"$(inherited)",
				);
				GCC_WARN_64_TO_32_BIT_CONVERSION = YES;
				GCC_WARN_ABOUT_RETURN_TYPE = YES_ERROR;
				GCC_WARN_UNDECLARED_SELECTOR = YES;
				GCC_WARN_UNINITIALIZED_AUTOS = YES_AGGRESSIVE;
				GCC_WARN_UNUSED_FUNCTION = YES;
				GCC_WARN_UNUSED_VARIABLE = YES;
				MTL_ENABLE_DEBUG_INFO = INCLUDE_SOURCE;
				MTL_FAST_MATH = YES;
				ONLY_ACTIVE_ARCH = YES;
				SWIFT_ACTIVE_COMPILATION_CONDITIONS = DEBUG;
				SWIFT_OPTIMIZATION_LEVEL = "-Onone";
			};
			name = Debug;
		};
		2B0EEA6B2565DF3A00C84C6C /* Release */ = {
			isa = XCBuildConfiguration;
			buildSettings = {
				ALWAYS_SEARCH_USER_PATHS = NO;
				CLANG_ANALYZER_NONNULL = YES;
				CLANG_ANALYZER_NUMBER_OBJECT_CONVERSION = YES_AGGRESSIVE;
				CLANG_CXX_LANGUAGE_STANDARD = "gnu++14";
				CLANG_CXX_LIBRARY = "libc++";
				CLANG_ENABLE_MODULES = YES;
				CLANG_ENABLE_OBJC_ARC = YES;
				CLANG_ENABLE_OBJC_WEAK = YES;
				CLANG_WARN_BLOCK_CAPTURE_AUTORELEASING = YES;
				CLANG_WARN_BOOL_CONVERSION = YES;
				CLANG_WARN_COMMA = YES;
				CLANG_WARN_CONSTANT_CONVERSION = YES;
				CLANG_WARN_DEPRECATED_OBJC_IMPLEMENTATIONS = YES;
				CLANG_WARN_DIRECT_OBJC_ISA_USAGE = YES_ERROR;
				CLANG_WARN_DOCUMENTATION_COMMENTS = YES;
				CLANG_WARN_EMPTY_BODY = YES;
				CLANG_WARN_ENUM_CONVERSION = YES;
				CLANG_WARN_INFINITE_RECURSION = YES;
				CLANG_WARN_INT_CONVERSION = YES;
				CLANG_WARN_NON_LITERAL_NULL_CONVERSION = YES;
				CLANG_WARN_OBJC_IMPLICIT_RETAIN_SELF = YES;
				CLANG_WARN_OBJC_LITERAL_CONVERSION = YES;
				CLANG_WARN_OBJC_ROOT_CLASS = YES_ERROR;
				CLANG_WARN_QUOTED_INCLUDE_IN_FRAMEWORK_HEADER = YES;
				CLANG_WARN_RANGE_LOOP_ANALYSIS = YES;
				CLANG_WARN_STRICT_PROTOTYPES = YES;
				CLANG_WARN_SUSPICIOUS_MOVE = YES;
				CLANG_WARN_UNGUARDED_AVAILABILITY = YES_AGGRESSIVE;
				CLANG_WARN_UNREACHABLE_CODE = YES;
				CLANG_WARN__DUPLICATE_METHOD_MATCH = YES;
				COPY_PHASE_STRIP = NO;
				DEBUG_INFORMATION_FORMAT = "dwarf-with-dsym";
				ENABLE_NS_ASSERTIONS = NO;
				ENABLE_STRICT_OBJC_MSGSEND = YES;
				GCC_C_LANGUAGE_STANDARD = gnu11;
				GCC_NO_COMMON_BLOCKS = YES;
				GCC_WARN_64_TO_32_BIT_CONVERSION = YES;
				GCC_WARN_ABOUT_RETURN_TYPE = YES_ERROR;
				GCC_WARN_UNDECLARED_SELECTOR = YES;
				GCC_WARN_UNINITIALIZED_AUTOS = YES_AGGRESSIVE;
				GCC_WARN_UNUSED_FUNCTION = YES;
				GCC_WARN_UNUSED_VARIABLE = YES;
				MTL_ENABLE_DEBUG_INFO = NO;
				MTL_FAST_MATH = YES;
				SWIFT_COMPILATION_MODE = wholemodule;
				SWIFT_OPTIMIZATION_LEVEL = "-O";
			};
			name = Release;
		};
		2B0EEA6D2565DF3A00C84C6C /* Debug */ = {
			isa = XCBuildConfiguration;
			buildSettings = {
				ASSETCATALOG_COMPILER_APPICON_NAME = AppIcon;
				ASSETCATALOG_COMPILER_GLOBAL_ACCENT_COLOR_NAME = AccentColor;
				CODE_SIGN_ENTITLEMENTS = iOS/ShaderMania.entitlements;
				CODE_SIGN_IDENTITY = "Apple Development";
				CODE_SIGN_STYLE = Automatic;
				DEVELOPMENT_TEAM = G6R6L3VH62;
				ENABLE_PREVIEWS = YES;
				INFOPLIST_FILE = iOS/Info.plist;
				IPHONEOS_DEPLOYMENT_TARGET = 14.0;
				LD_RUNPATH_SEARCH_PATHS = (
					"$(inherited)",
					"@executable_path/Frameworks",
				);
				MARKETING_VERSION = 1.51;
				PRODUCT_BUNDLE_IDENTIFIER = com.moenig.shadermania;
				PRODUCT_NAME = ShaderMania;
				PROVISIONING_PROFILE_SPECIFIER = "";
				SDKROOT = iphoneos;
				SWIFT_OBJC_BRIDGING_HEADER = Shared/Metal.h;
				SWIFT_VERSION = 5.0;
				TARGETED_DEVICE_FAMILY = 2;
			};
			name = Debug;
		};
		2B0EEA6E2565DF3A00C84C6C /* Release */ = {
			isa = XCBuildConfiguration;
			buildSettings = {
				ASSETCATALOG_COMPILER_APPICON_NAME = AppIcon;
				ASSETCATALOG_COMPILER_GLOBAL_ACCENT_COLOR_NAME = AccentColor;
				CODE_SIGN_ENTITLEMENTS = iOS/ShaderMania.entitlements;
				CODE_SIGN_IDENTITY = "Apple Development";
				CODE_SIGN_STYLE = Automatic;
				DEVELOPMENT_TEAM = G6R6L3VH62;
				ENABLE_PREVIEWS = YES;
				INFOPLIST_FILE = iOS/Info.plist;
				IPHONEOS_DEPLOYMENT_TARGET = 14.0;
				LD_RUNPATH_SEARCH_PATHS = (
					"$(inherited)",
					"@executable_path/Frameworks",
				);
				MARKETING_VERSION = 1.51;
				PRODUCT_BUNDLE_IDENTIFIER = com.moenig.shadermania;
				PRODUCT_NAME = ShaderMania;
				PROVISIONING_PROFILE_SPECIFIER = "";
				SDKROOT = iphoneos;
				SWIFT_OBJC_BRIDGING_HEADER = Shared/Metal.h;
				SWIFT_VERSION = 5.0;
				TARGETED_DEVICE_FAMILY = 2;
				VALIDATE_PRODUCT = YES;
			};
			name = Release;
		};
		2B0EEA702565DF3A00C84C6C /* Debug */ = {
			isa = XCBuildConfiguration;
			buildSettings = {
				ASSETCATALOG_COMPILER_APPICON_NAME = AppIcon;
				ASSETCATALOG_COMPILER_GLOBAL_ACCENT_COLOR_NAME = AccentColor;
				CODE_SIGN_ENTITLEMENTS = macOS/ShaderMania.entitlements;
				CODE_SIGN_IDENTITY = "Apple Development";
				CODE_SIGN_STYLE = Automatic;
				COMBINE_HIDPI_IMAGES = YES;
				CURRENT_PROJECT_VERSION = 4;
				DEVELOPMENT_TEAM = G6R6L3VH62;
				ENABLE_HARDENED_RUNTIME = YES;
				ENABLE_PREVIEWS = YES;
				INFOPLIST_FILE = macOS/Info.plist;
				LD_RUNPATH_SEARCH_PATHS = (
					"$(inherited)",
					"@executable_path/../Frameworks",
				);
				MACOSX_DEPLOYMENT_TARGET = 11.0;
				MARKETING_VERSION = 1.51;
				PRODUCT_BUNDLE_IDENTIFIER = com.moenig.shadermania;
				PRODUCT_NAME = ShaderMania;
				SDKROOT = macosx;
				SWIFT_OBJC_BRIDGING_HEADER = Shared/Metal.h;
				SWIFT_VERSION = 5.0;
			};
			name = Debug;
		};
		2B0EEA712565DF3A00C84C6C /* Release */ = {
			isa = XCBuildConfiguration;
			buildSettings = {
				ASSETCATALOG_COMPILER_APPICON_NAME = AppIcon;
				ASSETCATALOG_COMPILER_GLOBAL_ACCENT_COLOR_NAME = AccentColor;
				CODE_SIGN_ENTITLEMENTS = macOS/ShaderMania.entitlements;
				CODE_SIGN_IDENTITY = "Apple Development";
				CODE_SIGN_STYLE = Automatic;
				COMBINE_HIDPI_IMAGES = YES;
				CURRENT_PROJECT_VERSION = 4;
				DEVELOPMENT_TEAM = G6R6L3VH62;
				ENABLE_HARDENED_RUNTIME = YES;
				ENABLE_PREVIEWS = YES;
				INFOPLIST_FILE = macOS/Info.plist;
				LD_RUNPATH_SEARCH_PATHS = (
					"$(inherited)",
					"@executable_path/../Frameworks",
				);
				MACOSX_DEPLOYMENT_TARGET = 11.0;
				MARKETING_VERSION = 1.51;
				PRODUCT_BUNDLE_IDENTIFIER = com.moenig.shadermania;
				PRODUCT_NAME = ShaderMania;
				SDKROOT = macosx;
				SWIFT_OBJC_BRIDGING_HEADER = Shared/Metal.h;
				SWIFT_VERSION = 5.0;
			};
			name = Release;
		};
/* End XCBuildConfiguration section */

/* Begin XCConfigurationList section */
		2B0EEA4C2565DF3900C84C6C /* Build configuration list for PBXProject "ShaderMania" */ = {
			isa = XCConfigurationList;
			buildConfigurations = (
				2B0EEA6A2565DF3A00C84C6C /* Debug */,
				2B0EEA6B2565DF3A00C84C6C /* Release */,
			);
			defaultConfigurationIsVisible = 0;
			defaultConfigurationName = Release;
		};
		2B0EEA6C2565DF3A00C84C6C /* Build configuration list for PBXNativeTarget "ShaderMania (iOS)" */ = {
			isa = XCConfigurationList;
			buildConfigurations = (
				2B0EEA6D2565DF3A00C84C6C /* Debug */,
				2B0EEA6E2565DF3A00C84C6C /* Release */,
			);
			defaultConfigurationIsVisible = 0;
			defaultConfigurationName = Release;
		};
		2B0EEA6F2565DF3A00C84C6C /* Build configuration list for PBXNativeTarget "ShaderMania (macOS)" */ = {
			isa = XCConfigurationList;
			buildConfigurations = (
				2B0EEA702565DF3A00C84C6C /* Debug */,
				2B0EEA712565DF3A00C84C6C /* Release */,
			);
			defaultConfigurationIsVisible = 0;
			defaultConfigurationName = Release;
		};
/* End XCConfigurationList section */
	};
	rootObject = 2B0EEA492565DF3900C84C6C /* Project object */;
}
